
Microsoft Visual Studio Solution File, Format Version 11.00
# Visual Studio 2010
# SharpDevelop 4.4
Project("{FAE04EC0-301F-11D3-BF4B-00C04F79EFBC}") = "KOSContractPack", "KOSContractPack\KOSContractPack.csproj", "{94E7D205-C9CE-4EA6-9018-C3FD8E814F69}"
EndProject
Global
	GlobalSection(SolutionConfigurationPlatforms) = preSolution
		Debug|Any CPU = Debug|Any CPU
		Release|Any CPU = Release|Any CPU
	EndGlobalSection
	GlobalSection(ProjectConfigurationPlatforms) = postSolution
		{94E7D205-C9CE-4EA6-9018-C3FD8E814F69}.Debug|Any CPU.Build.0 = Debug|Any CPU
		{94E7D205-C9CE-4EA6-9018-C3FD8E814F69}.Debug|Any CPU.ActiveCfg = Debug|Any CPU
		{94E7D205-C9CE-4EA6-9018-C3FD8E814F69}.Release|Any CPU.Build.0 = Release|Any CPU
		{94E7D205-C9CE-4EA6-9018-C3FD8E814F69}.Release|Any CPU.ActiveCfg = Release|Any CPU
	EndGlobalSection
EndGlobal
